// !$*UTF8*$!
{
	archiveVersion = 1;
	classes = {
	};
	objectVersion = 55;
	objects = {

/* Begin PBXBuildFile section */
		001822E728016B49009A437C /* AppDelegate.swift in Sources */ = {isa = PBXBuildFile; fileRef = 001822E628016B49009A437C /* AppDelegate.swift */; };
		001822E928016B49009A437C /* SceneDelegate.swift in Sources */ = {isa = PBXBuildFile; fileRef = 001822E828016B49009A437C /* SceneDelegate.swift */; };
		001822EB28016B49009A437C /* HomeViewController.swift in Sources */ = {isa = PBXBuildFile; fileRef = 001822EA28016B49009A437C /* HomeViewController.swift */; };
		001822F028016B4D009A437C /* Assets.xcassets in Resources */ = {isa = PBXBuildFile; fileRef = 001822EF28016B4D009A437C /* Assets.xcassets */; };
		001822F328016B4D009A437C /* LaunchScreen.storyboard in Resources */ = {isa = PBXBuildFile; fileRef = 001822F128016B4D009A437C /* LaunchScreen.storyboard */; };
		0018230228016E10009A437C /* ExploreViewController.swift in Sources */ = {isa = PBXBuildFile; fileRef = 0018230028016E10009A437C /* ExploreViewController.swift */; };
		0018230328016E10009A437C /* ExploreViewController.xib in Resources */ = {isa = PBXBuildFile; fileRef = 0018230128016E10009A437C /* ExploreViewController.xib */; };
		0018230728016E42009A437C /* CameraViewController.swift in Sources */ = {isa = PBXBuildFile; fileRef = 0018230528016E42009A437C /* CameraViewController.swift */; };
		0018230828016E42009A437C /* CameraViewController.xib in Resources */ = {isa = PBXBuildFile; fileRef = 0018230628016E42009A437C /* CameraViewController.xib */; };
		0018230C28016E6F009A437C /* NotificationsViewController.swift in Sources */ = {isa = PBXBuildFile; fileRef = 0018230A28016E6F009A437C /* NotificationsViewController.swift */; };
		0018230D28016E6F009A437C /* NotificationsViewController.xib in Resources */ = {isa = PBXBuildFile; fileRef = 0018230B28016E6F009A437C /* NotificationsViewController.xib */; };
		0018231128016E8F009A437C /* ProfileViewController.swift in Sources */ = {isa = PBXBuildFile; fileRef = 0018230F28016E8F009A437C /* ProfileViewController.swift */; };
		0018231228016E8F009A437C /* ProfileViewController.xib in Resources */ = {isa = PBXBuildFile; fileRef = 0018231028016E8F009A437C /* ProfileViewController.xib */; };
		0018231628016F4E009A437C /* TabBarViewController.swift in Sources */ = {isa = PBXBuildFile; fileRef = 0018231428016F4D009A437C /* TabBarViewController.swift */; };
		0018231728016F4E009A437C /* TabBarViewController.xib in Resources */ = {isa = PBXBuildFile; fileRef = 0018231528016F4D009A437C /* TabBarViewController.xib */; };
		0018231B2801709D009A437C /* LoginViewController.swift in Sources */ = {isa = PBXBuildFile; fileRef = 001823192801709D009A437C /* LoginViewController.swift */; };
		0018231C2801709D009A437C /* LoginViewController.xib in Resources */ = {isa = PBXBuildFile; fileRef = 0018231A2801709D009A437C /* LoginViewController.xib */; };
		00182320280170C5009A437C /* RegistrationViewController.swift in Sources */ = {isa = PBXBuildFile; fileRef = 0018231E280170C5009A437C /* RegistrationViewController.swift */; };
		00182321280170C5009A437C /* RegistrationViewController.xib in Resources */ = {isa = PBXBuildFile; fileRef = 0018231F280170C5009A437C /* RegistrationViewController.xib */; };
		0018232528017172009A437C /* PostViewController.swift in Sources */ = {isa = PBXBuildFile; fileRef = 0018232328017172009A437C /* PostViewController.swift */; };
		0018232628017172009A437C /* PostViewController.xib in Resources */ = {isa = PBXBuildFile; fileRef = 0018232428017172009A437C /* PostViewController.xib */; };
		0018232A28017189009A437C /* EditViewController.swift in Sources */ = {isa = PBXBuildFile; fileRef = 0018232828017189009A437C /* EditViewController.swift */; };
		0018232B28017189009A437C /* EditViewController.xib in Resources */ = {isa = PBXBuildFile; fileRef = 0018232928017189009A437C /* EditViewController.xib */; };
		0018232F280171DC009A437C /* SettingsViewController.swift in Sources */ = {isa = PBXBuildFile; fileRef = 0018232D280171DC009A437C /* SettingsViewController.swift */; };
		00182330280171DC009A437C /* SettingsViewController.xib in Resources */ = {isa = PBXBuildFile; fileRef = 0018232E280171DC009A437C /* SettingsViewController.xib */; };
		00182334280171FC009A437C /* ListViewController.swift in Sources */ = {isa = PBXBuildFile; fileRef = 00182332280171FC009A437C /* ListViewController.swift */; };
		00182335280171FC009A437C /* ListViewController.xib in Resources */ = {isa = PBXBuildFile; fileRef = 00182333280171FC009A437C /* ListViewController.xib */; };
		001823392801721A009A437C /* SearchViewController.swift in Sources */ = {isa = PBXBuildFile; fileRef = 001823372801721A009A437C /* SearchViewController.swift */; };
		0018233A2801721A009A437C /* SearchViewController.xib in Resources */ = {isa = PBXBuildFile; fileRef = 001823382801721A009A437C /* SearchViewController.xib */; };
		0018233E28017235009A437C /* ResultViewController.swift in Sources */ = {isa = PBXBuildFile; fileRef = 0018233C28017235009A437C /* ResultViewController.swift */; };
		0018233F28017235009A437C /* ResultViewController.xib in Resources */ = {isa = PBXBuildFile; fileRef = 0018233D28017235009A437C /* ResultViewController.xib */; };
		001823432801729D009A437C /* PostEditorViewController.swift in Sources */ = {isa = PBXBuildFile; fileRef = 001823412801729D009A437C /* PostEditorViewController.swift */; };
		001823442801729D009A437C /* PostEditorViewController.xib in Resources */ = {isa = PBXBuildFile; fileRef = 001823422801729D009A437C /* PostEditorViewController.xib */; };
		00182348280172C0009A437C /* PublishPostViewController.swift in Sources */ = {isa = PBXBuildFile; fileRef = 00182346280172C0009A437C /* PublishPostViewController.swift */; };
		00182349280172C0009A437C /* PublishPostViewController.xib in Resources */ = {isa = PBXBuildFile; fileRef = 00182347280172C0009A437C /* PublishPostViewController.xib */; };
		F4702DECEE7D4B066EFFF9F2 /* Pods_Instagram.framework in Frameworks */ = {isa = PBXBuildFile; fileRef = 93CD6A18BF753C87E8E0EFF3 /* Pods_Instagram.framework */; };
/* End PBXBuildFile section */

/* Begin PBXFileReference section */
		001822E328016B49009A437C /* Instagram.app */ = {isa = PBXFileReference; explicitFileType = wrapper.application; includeInIndex = 0; path = Instagram.app; sourceTree = BUILT_PRODUCTS_DIR; };
		001822E628016B49009A437C /* AppDelegate.swift */ = {isa = PBXFileReference; lastKnownFileType = sourcecode.swift; path = AppDelegate.swift; sourceTree = "<group>"; };
		001822E828016B49009A437C /* SceneDelegate.swift */ = {isa = PBXFileReference; lastKnownFileType = sourcecode.swift; path = SceneDelegate.swift; sourceTree = "<group>"; };
		001822EA28016B49009A437C /* HomeViewController.swift */ = {isa = PBXFileReference; lastKnownFileType = sourcecode.swift; path = HomeViewController.swift; sourceTree = "<group>"; };
		001822EF28016B4D009A437C /* Assets.xcassets */ = {isa = PBXFileReference; lastKnownFileType = folder.assetcatalog; path = Assets.xcassets; sourceTree = "<group>"; };
		001822F228016B4D009A437C /* Base */ = {isa = PBXFileReference; lastKnownFileType = file.storyboard; name = Base; path = Base.lproj/LaunchScreen.storyboard; sourceTree = "<group>"; };
		001822F428016B4D009A437C /* Info.plist */ = {isa = PBXFileReference; lastKnownFileType = text.plist.xml; path = Info.plist; sourceTree = "<group>"; };
		0018230028016E10009A437C /* ExploreViewController.swift */ = {isa = PBXFileReference; lastKnownFileType = sourcecode.swift; path = ExploreViewController.swift; sourceTree = "<group>"; };
		0018230128016E10009A437C /* ExploreViewController.xib */ = {isa = PBXFileReference; lastKnownFileType = file.xib; path = ExploreViewController.xib; sourceTree = "<group>"; };
		0018230528016E42009A437C /* CameraViewController.swift */ = {isa = PBXFileReference; lastKnownFileType = sourcecode.swift; path = CameraViewController.swift; sourceTree = "<group>"; };
		0018230628016E42009A437C /* CameraViewController.xib */ = {isa = PBXFileReference; lastKnownFileType = file.xib; path = CameraViewController.xib; sourceTree = "<group>"; };
		0018230A28016E6F009A437C /* NotificationsViewController.swift */ = {isa = PBXFileReference; lastKnownFileType = sourcecode.swift; path = NotificationsViewController.swift; sourceTree = "<group>"; };
		0018230B28016E6F009A437C /* NotificationsViewController.xib */ = {isa = PBXFileReference; lastKnownFileType = file.xib; path = NotificationsViewController.xib; sourceTree = "<group>"; };
		0018230F28016E8F009A437C /* ProfileViewController.swift */ = {isa = PBXFileReference; lastKnownFileType = sourcecode.swift; path = ProfileViewController.swift; sourceTree = "<group>"; };
		0018231028016E8F009A437C /* ProfileViewController.xib */ = {isa = PBXFileReference; lastKnownFileType = file.xib; path = ProfileViewController.xib; sourceTree = "<group>"; };
		0018231428016F4D009A437C /* TabBarViewController.swift */ = {isa = PBXFileReference; lastKnownFileType = sourcecode.swift; path = TabBarViewController.swift; sourceTree = "<group>"; };
		0018231528016F4D009A437C /* TabBarViewController.xib */ = {isa = PBXFileReference; lastKnownFileType = file.xib; path = TabBarViewController.xib; sourceTree = "<group>"; };
		001823192801709D009A437C /* LoginViewController.swift */ = {isa = PBXFileReference; lastKnownFileType = sourcecode.swift; path = LoginViewController.swift; sourceTree = "<group>"; };
		0018231A2801709D009A437C /* LoginViewController.xib */ = {isa = PBXFileReference; lastKnownFileType = file.xib; path = LoginViewController.xib; sourceTree = "<group>"; };
		0018231E280170C5009A437C /* RegistrationViewController.swift */ = {isa = PBXFileReference; lastKnownFileType = sourcecode.swift; path = RegistrationViewController.swift; sourceTree = "<group>"; };
		0018231F280170C5009A437C /* RegistrationViewController.xib */ = {isa = PBXFileReference; lastKnownFileType = file.xib; path = RegistrationViewController.xib; sourceTree = "<group>"; };
		0018232328017172009A437C /* PostViewController.swift */ = {isa = PBXFileReference; lastKnownFileType = sourcecode.swift; path = PostViewController.swift; sourceTree = "<group>"; };
		0018232428017172009A437C /* PostViewController.xib */ = {isa = PBXFileReference; lastKnownFileType = file.xib; path = PostViewController.xib; sourceTree = "<group>"; };
		0018232828017189009A437C /* EditViewController.swift */ = {isa = PBXFileReference; lastKnownFileType = sourcecode.swift; path = EditViewController.swift; sourceTree = "<group>"; };
		0018232928017189009A437C /* EditViewController.xib */ = {isa = PBXFileReference; lastKnownFileType = file.xib; path = EditViewController.xib; sourceTree = "<group>"; };
		0018232D280171DC009A437C /* SettingsViewController.swift */ = {isa = PBXFileReference; lastKnownFileType = sourcecode.swift; path = SettingsViewController.swift; sourceTree = "<group>"; };
		0018232E280171DC009A437C /* SettingsViewController.xib */ = {isa = PBXFileReference; lastKnownFileType = file.xib; path = SettingsViewController.xib; sourceTree = "<group>"; };
		00182332280171FC009A437C /* ListViewController.swift */ = {isa = PBXFileReference; lastKnownFileType = sourcecode.swift; path = ListViewController.swift; sourceTree = "<group>"; };
		00182333280171FC009A437C /* ListViewController.xib */ = {isa = PBXFileReference; lastKnownFileType = file.xib; path = ListViewController.xib; sourceTree = "<group>"; };
		001823372801721A009A437C /* SearchViewController.swift */ = {isa = PBXFileReference; lastKnownFileType = sourcecode.swift; path = SearchViewController.swift; sourceTree = "<group>"; };
		001823382801721A009A437C /* SearchViewController.xib */ = {isa = PBXFileReference; lastKnownFileType = file.xib; path = SearchViewController.xib; sourceTree = "<group>"; };
		0018233C28017235009A437C /* ResultViewController.swift */ = {isa = PBXFileReference; lastKnownFileType = sourcecode.swift; path = ResultViewController.swift; sourceTree = "<group>"; };
		0018233D28017235009A437C /* ResultViewController.xib */ = {isa = PBXFileReference; lastKnownFileType = file.xib; path = ResultViewController.xib; sourceTree = "<group>"; };
		001823412801729D009A437C /* PostEditorViewController.swift */ = {isa = PBXFileReference; lastKnownFileType = sourcecode.swift; path = PostEditorViewController.swift; sourceTree = "<group>"; };
		001823422801729D009A437C /* PostEditorViewController.xib */ = {isa = PBXFileReference; lastKnownFileType = file.xib; path = PostEditorViewController.xib; sourceTree = "<group>"; };
		00182346280172C0009A437C /* PublishPostViewController.swift */ = {isa = PBXFileReference; lastKnownFileType = sourcecode.swift; path = PublishPostViewController.swift; sourceTree = "<group>"; };
		00182347280172C0009A437C /* PublishPostViewController.xib */ = {isa = PBXFileReference; lastKnownFileType = file.xib; path = PublishPostViewController.xib; sourceTree = "<group>"; };
		6E5B2337B8693E9DF0B7D2B1 /* Pods-Instagram.debug.xcconfig */ = {isa = PBXFileReference; includeInIndex = 1; lastKnownFileType = text.xcconfig; name = "Pods-Instagram.debug.xcconfig"; path = "Target Support Files/Pods-Instagram/Pods-Instagram.debug.xcconfig"; sourceTree = "<group>"; };
		93CD6A18BF753C87E8E0EFF3 /* Pods_Instagram.framework */ = {isa = PBXFileReference; explicitFileType = wrapper.framework; includeInIndex = 0; path = Pods_Instagram.framework; sourceTree = BUILT_PRODUCTS_DIR; };
		E9194E4858CB15E2136A00CF /* Pods-Instagram.release.xcconfig */ = {isa = PBXFileReference; includeInIndex = 1; lastKnownFileType = text.xcconfig; name = "Pods-Instagram.release.xcconfig"; path = "Target Support Files/Pods-Instagram/Pods-Instagram.release.xcconfig"; sourceTree = "<group>"; };
/* End PBXFileReference section */

/* Begin PBXFrameworksBuildPhase section */
		001822E028016B49009A437C /* Frameworks */ = {
			isa = PBXFrameworksBuildPhase;
			buildActionMask = 2147483647;
			files = (
				F4702DECEE7D4B066EFFF9F2 /* Pods_Instagram.framework in Frameworks */,
			);
			runOnlyForDeploymentPostprocessing = 0;
		};
/* End PBXFrameworksBuildPhase section */

/* Begin PBXGroup section */
		001822DA28016B49009A437C = {
			isa = PBXGroup;
			children = (
				001822E528016B49009A437C /* Instagram */,
				001822E428016B49009A437C /* Products */,
				BC072841A7297D82CDA2DAD0 /* Pods */,
				C25F244AF7DC47491CABBEB5 /* Frameworks */,
			);
			sourceTree = "<group>";
		};
		001822E428016B49009A437C /* Products */ = {
			isa = PBXGroup;
			children = (
				001822E328016B49009A437C /* Instagram.app */,
			);
			name = Products;
			sourceTree = "<group>";
		};
		001822E528016B49009A437C /* Instagram */ = {
			isa = PBXGroup;
			children = (
				001822FA28016CD9009A437C /* Resources */,
				001822FD28016CFE009A437C /* Models */,
				001822FC28016CF5009A437C /* Views */,
				001822FB28016CEC009A437C /* Controllers */,
				001822F428016B4D009A437C /* Info.plist */,
			);
			path = Instagram;
			sourceTree = "<group>";
		};
		001822FA28016CD9009A437C /* Resources */ = {
			isa = PBXGroup;
			children = (
				001822E628016B49009A437C /* AppDelegate.swift */,
				001822E828016B49009A437C /* SceneDelegate.swift */,
				001822EF28016B4D009A437C /* Assets.xcassets */,
			);
			path = Resources;
			sourceTree = "<group>";
		};
		001822FB28016CEC009A437C /* Controllers */ = {
			isa = PBXGroup;
			children = (
				0018231328016EEC009A437C /* TabBarViewController */,
				00182345280172A7009A437C /* PublishPostViewController */,
				0018234028017282009A437C /* PostEditorViewController */,
				0018233B2801721F009A437C /* ResultViewController */,
				0018233628017201009A437C /* SearchViewController */,
				00182331280171E9009A437C /* ListViewController */,
				0018232C280171BD009A437C /* SettingsViewController */,
				0018232728017178009A437C /* EditProfileViewController */,
				0018232228017155009A437C /* PostViewController */,
				0018231D280170A7009A437C /* RegistrationViewController */,
				001823182801707B009A437C /* LoginViewController */,
				001822FE28016DDC009A437C /* HomeViewController */,
				0018230E28016E79009A437C /* ProfileViewController */,
				0018230928016E4D009A437C /* NotificationsViewController */,
				0018230428016E2A009A437C /* CameraViewController */,
				001822FF28016DEA009A437C /* ExploreViewController */,
			);
			path = Controllers;
			sourceTree = "<group>";
		};
		001822FC28016CF5009A437C /* Views */ = {
			isa = PBXGroup;
			children = (
				001822F128016B4D009A437C /* LaunchScreen.storyboard */,
			);
			path = Views;
			sourceTree = "<group>";
		};
		001822FD28016CFE009A437C /* Models */ = {
			isa = PBXGroup;
			children = (
			);
			path = Models;
			sourceTree = "<group>";
		};
		001822FE28016DDC009A437C /* HomeViewController */ = {
			isa = PBXGroup;
			children = (
				001822EA28016B49009A437C /* HomeViewController.swift */,
			);
			path = HomeViewController;
			sourceTree = "<group>";
		};
		001822FF28016DEA009A437C /* ExploreViewController */ = {
			isa = PBXGroup;
			children = (
				0018230028016E10009A437C /* ExploreViewController.swift */,
				0018230128016E10009A437C /* ExploreViewController.xib */,
			);
			path = ExploreViewController;
			sourceTree = "<group>";
		};
		0018230428016E2A009A437C /* CameraViewController */ = {
			isa = PBXGroup;
			children = (
				0018230528016E42009A437C /* CameraViewController.swift */,
				0018230628016E42009A437C /* CameraViewController.xib */,
			);
			path = CameraViewController;
			sourceTree = "<group>";
		};
		0018230928016E4D009A437C /* NotificationsViewController */ = {
			isa = PBXGroup;
			children = (
				0018230A28016E6F009A437C /* NotificationsViewController.swift */,
				0018230B28016E6F009A437C /* NotificationsViewController.xib */,
			);
			path = NotificationsViewController;
			sourceTree = "<group>";
		};
		0018230E28016E79009A437C /* ProfileViewController */ = {
			isa = PBXGroup;
			children = (
				0018230F28016E8F009A437C /* ProfileViewController.swift */,
				0018231028016E8F009A437C /* ProfileViewController.xib */,
			);
			path = ProfileViewController;
			sourceTree = "<group>";
		};
		0018231328016EEC009A437C /* TabBarViewController */ = {
			isa = PBXGroup;
			children = (
				0018231428016F4D009A437C /* TabBarViewController.swift */,
				0018231528016F4D009A437C /* TabBarViewController.xib */,
			);
			path = TabBarViewController;
			sourceTree = "<group>";
		};
		001823182801707B009A437C /* LoginViewController */ = {
			isa = PBXGroup;
			children = (
				001823192801709D009A437C /* LoginViewController.swift */,
				0018231A2801709D009A437C /* LoginViewController.xib */,
			);
			path = LoginViewController;
			sourceTree = "<group>";
		};
		0018231D280170A7009A437C /* RegistrationViewController */ = {
			isa = PBXGroup;
			children = (
				0018231E280170C5009A437C /* RegistrationViewController.swift */,
				0018231F280170C5009A437C /* RegistrationViewController.xib */,
			);
			path = RegistrationViewController;
			sourceTree = "<group>";
		};
		0018232228017155009A437C /* PostViewController */ = {
			isa = PBXGroup;
			children = (
				0018232328017172009A437C /* PostViewController.swift */,
				0018232428017172009A437C /* PostViewController.xib */,
			);
			path = PostViewController;
			sourceTree = "<group>";
		};
		0018232728017178009A437C /* EditProfileViewController */ = {
			isa = PBXGroup;
			children = (
				0018232828017189009A437C /* EditViewController.swift */,
				0018232928017189009A437C /* EditViewController.xib */,
			);
			path = EditProfileViewController;
			sourceTree = "<group>";
		};
		0018232C280171BD009A437C /* SettingsViewController */ = {
			isa = PBXGroup;
			children = (
				0018232D280171DC009A437C /* SettingsViewController.swift */,
				0018232E280171DC009A437C /* SettingsViewController.xib */,
			);
			path = SettingsViewController;
			sourceTree = "<group>";
		};
		00182331280171E9009A437C /* ListViewController */ = {
			isa = PBXGroup;
			children = (
				00182332280171FC009A437C /* ListViewController.swift */,
				00182333280171FC009A437C /* ListViewController.xib */,
			);
			path = ListViewController;
			sourceTree = "<group>";
		};
		0018233628017201009A437C /* SearchViewController */ = {
			isa = PBXGroup;
			children = (
				001823372801721A009A437C /* SearchViewController.swift */,
				001823382801721A009A437C /* SearchViewController.xib */,
			);
			path = SearchViewController;
			sourceTree = "<group>";
		};
		0018233B2801721F009A437C /* ResultViewController */ = {
			isa = PBXGroup;
			children = (
				0018233C28017235009A437C /* ResultViewController.swift */,
				0018233D28017235009A437C /* ResultViewController.xib */,
			);
			path = ResultViewController;
			sourceTree = "<group>";
		};
		0018234028017282009A437C /* PostEditorViewController */ = {
			isa = PBXGroup;
			children = (
				001823412801729D009A437C /* PostEditorViewController.swift */,
				001823422801729D009A437C /* PostEditorViewController.xib */,
			);
			path = PostEditorViewController;
			sourceTree = "<group>";
		};
		00182345280172A7009A437C /* PublishPostViewController */ = {
			isa = PBXGroup;
			children = (
				00182346280172C0009A437C /* PublishPostViewController.swift */,
				00182347280172C0009A437C /* PublishPostViewController.xib */,
			);
			path = PublishPostViewController;
			sourceTree = "<group>";
		};
		BC072841A7297D82CDA2DAD0 /* Pods */ = {
			isa = PBXGroup;
			children = (
				6E5B2337B8693E9DF0B7D2B1 /* Pods-Instagram.debug.xcconfig */,
				E9194E4858CB15E2136A00CF /* Pods-Instagram.release.xcconfig */,
			);
			name = Pods;
			path = Pods;
			sourceTree = "<group>";
		};
		C25F244AF7DC47491CABBEB5 /* Frameworks */ = {
			isa = PBXGroup;
			children = (
				93CD6A18BF753C87E8E0EFF3 /* Pods_Instagram.framework */,
			);
			name = Frameworks;
			sourceTree = "<group>";
		};
/* End PBXGroup section */

/* Begin PBXNativeTarget section */
		001822E228016B49009A437C /* Instagram */ = {
			isa = PBXNativeTarget;
			buildConfigurationList = 001822F728016B4D009A437C /* Build configuration list for PBXNativeTarget "Instagram" */;
			buildPhases = (
				40871B995100C263F361AA9D /* [CP] Check Pods Manifest.lock */,
				001822DF28016B49009A437C /* Sources */,
				001822E028016B49009A437C /* Frameworks */,
				001822E128016B49009A437C /* Resources */,
				01A9420DAF2ED53B73890279 /* [CP] Embed Pods Frameworks */,
			);
			buildRules = (
			);
			dependencies = (
			);
			name = Instagram;
			productName = Instagram;
			productReference = 001822E328016B49009A437C /* Instagram.app */;
			productType = "com.apple.product-type.application";
		};
/* End PBXNativeTarget section */

/* Begin PBXProject section */
		001822DB28016B49009A437C /* Project object */ = {
			isa = PBXProject;
			attributes = {
				BuildIndependentTargetsInParallel = 1;
				LastSwiftUpdateCheck = 1330;
				LastUpgradeCheck = 1330;
				TargetAttributes = {
					001822E228016B49009A437C = {
						CreatedOnToolsVersion = 13.3;
					};
				};
			};
			buildConfigurationList = 001822DE28016B49009A437C /* Build configuration list for PBXProject "Instagram" */;
			compatibilityVersion = "Xcode 13.0";
			developmentRegion = en;
			hasScannedForEncodings = 0;
			knownRegions = (
				en,
				Base,
			);
			mainGroup = 001822DA28016B49009A437C;
			productRefGroup = 001822E428016B49009A437C /* Products */;
			projectDirPath = "";
			projectRoot = "";
			targets = (
				001822E228016B49009A437C /* Instagram */,
			);
		};
/* End PBXProject section */

/* Begin PBXResourcesBuildPhase section */
		001822E128016B49009A437C /* Resources */ = {
			isa = PBXResourcesBuildPhase;
			buildActionMask = 2147483647;
			files = (
				0018231C2801709D009A437C /* LoginViewController.xib in Resources */,
				0018231228016E8F009A437C /* ProfileViewController.xib in Resources */,
				00182349280172C0009A437C /* PublishPostViewController.xib in Resources */,
				0018230328016E10009A437C /* ExploreViewController.xib in Resources */,
				00182321280170C5009A437C /* RegistrationViewController.xib in Resources */,
				0018232628017172009A437C /* PostViewController.xib in Resources */,
				00182335280171FC009A437C /* ListViewController.xib in Resources */,
				0018233A2801721A009A437C /* SearchViewController.xib in Resources */,
				0018230D28016E6F009A437C /* NotificationsViewController.xib in Resources */,
				0018230828016E42009A437C /* CameraViewController.xib in Resources */,
				001823442801729D009A437C /* PostEditorViewController.xib in Resources */,
				00182330280171DC009A437C /* SettingsViewController.xib in Resources */,
				0018231728016F4E009A437C /* TabBarViewController.xib in Resources */,
				001822F328016B4D009A437C /* LaunchScreen.storyboard in Resources */,
				001822F028016B4D009A437C /* Assets.xcassets in Resources */,
				0018233F28017235009A437C /* ResultViewController.xib in Resources */,
				0018232B28017189009A437C /* EditViewController.xib in Resources */,
			);
			runOnlyForDeploymentPostprocessing = 0;
		};
/* End PBXResourcesBuildPhase section */

/* Begin PBXShellScriptBuildPhase section */
		01A9420DAF2ED53B73890279 /* [CP] Embed Pods Frameworks */ = {
			isa = PBXShellScriptBuildPhase;
			buildActionMask = 2147483647;
			files = (
			);
			inputFileListPaths = (
				"${PODS_ROOT}/Target Support Files/Pods-Instagram/Pods-Instagram-frameworks-${CONFIGURATION}-input-files.xcfilelist",
			);
			name = "[CP] Embed Pods Frameworks";
			outputFileListPaths = (
				"${PODS_ROOT}/Target Support Files/Pods-Instagram/Pods-Instagram-frameworks-${CONFIGURATION}-output-files.xcfilelist",
			);
			runOnlyForDeploymentPostprocessing = 0;
			shellPath = /bin/sh;
			shellScript = "\"${PODS_ROOT}/Target Support Files/Pods-Instagram/Pods-Instagram-frameworks.sh\"\n";
			showEnvVarsInLog = 0;
		};
		40871B995100C263F361AA9D /* [CP] Check Pods Manifest.lock */ = {
			isa = PBXShellScriptBuildPhase;
			buildActionMask = 2147483647;
			files = (
			);
			inputFileListPaths = (
			);
			inputPaths = (
				"${PODS_PODFILE_DIR_PATH}/Podfile.lock",
				"${PODS_ROOT}/Manifest.lock",
			);
			name = "[CP] Check Pods Manifest.lock";
			outputFileListPaths = (
			);
			outputPaths = (
				"$(DERIVED_FILE_DIR)/Pods-Instagram-checkManifestLockResult.txt",
			);
			runOnlyForDeploymentPostprocessing = 0;
			shellPath = /bin/sh;
			shellScript = "diff \"${PODS_PODFILE_DIR_PATH}/Podfile.lock\" \"${PODS_ROOT}/Manifest.lock\" > /dev/null\nif [ $? != 0 ] ; then\n    # print error to STDERR\n    echo \"error: The sandbox is not in sync with the Podfile.lock. Run 'pod install' or update your CocoaPods installation.\" >&2\n    exit 1\nfi\n# This output is used by Xcode 'outputs' to avoid re-running this script phase.\necho \"SUCCESS\" > \"${SCRIPT_OUTPUT_FILE_0}\"\n";
			showEnvVarsInLog = 0;
		};
/* End PBXShellScriptBuildPhase section */

/* Begin PBXSourcesBuildPhase section */
		001822DF28016B49009A437C /* Sources */ = {
			isa = PBXSourcesBuildPhase;
			buildActionMask = 2147483647;
			files = (
				001823392801721A009A437C /* SearchViewController.swift in Sources */,
				0018231B2801709D009A437C /* LoginViewController.swift in Sources */,
				0018231628016F4E009A437C /* TabBarViewController.swift in Sources */,
				0018233E28017235009A437C /* ResultViewController.swift in Sources */,
				001823432801729D009A437C /* PostEditorViewController.swift in Sources */,
				0018230228016E10009A437C /* ExploreViewController.swift in Sources */,
				0018230728016E42009A437C /* CameraViewController.swift in Sources */,
				00182320280170C5009A437C /* RegistrationViewController.swift in Sources */,
				001822EB28016B49009A437C /* HomeViewController.swift in Sources */,
				00182334280171FC009A437C /* ListViewController.swift in Sources */,
				00182348280172C0009A437C /* PublishPostViewController.swift in Sources */,
				0018230C28016E6F009A437C /* NotificationsViewController.swift in Sources */,
				0018231128016E8F009A437C /* ProfileViewController.swift in Sources */,
				0018232A28017189009A437C /* EditViewController.swift in Sources */,
				001822E728016B49009A437C /* AppDelegate.swift in Sources */,
				0018232F280171DC009A437C /* SettingsViewController.swift in Sources */,
				001822E928016B49009A437C /* SceneDelegate.swift in Sources */,
				0018232528017172009A437C /* PostViewController.swift in Sources */,
			);
			runOnlyForDeploymentPostprocessing = 0;
		};
/* End PBXSourcesBuildPhase section */

/* Begin PBXVariantGroup section */
		001822F128016B4D009A437C /* LaunchScreen.storyboard */ = {
			isa = PBXVariantGroup;
			children = (
				001822F228016B4D009A437C /* Base */,
			);
			name = LaunchScreen.storyboard;
			sourceTree = "<group>";
		};
/* End PBXVariantGroup section */

/* Begin XCBuildConfiguration section */
		001822F528016B4D009A437C /* Debug */ = {
			isa = XCBuildConfiguration;
			buildSettings = {
				ALWAYS_SEARCH_USER_PATHS = NO;
				CLANG_ANALYZER_NONNULL = YES;
				CLANG_ANALYZER_NUMBER_OBJECT_CONVERSION = YES_AGGRESSIVE;
				CLANG_CXX_LANGUAGE_STANDARD = "gnu++17";
				CLANG_ENABLE_MODULES = YES;
				CLANG_ENABLE_OBJC_ARC = YES;
				CLANG_ENABLE_OBJC_WEAK = YES;
				CLANG_WARN_BLOCK_CAPTURE_AUTORELEASING = YES;
				CLANG_WARN_BOOL_CONVERSION = YES;
				CLANG_WARN_COMMA = YES;
				CLANG_WARN_CONSTANT_CONVERSION = YES;
				CLANG_WARN_DEPRECATED_OBJC_IMPLEMENTATIONS = YES;
				CLANG_WARN_DIRECT_OBJC_ISA_USAGE = YES_ERROR;
				CLANG_WARN_DOCUMENTATION_COMMENTS = YES;
				CLANG_WARN_EMPTY_BODY = YES;
				CLANG_WARN_ENUM_CONVERSION = YES;
				CLANG_WARN_INFINITE_RECURSION = YES;
				CLANG_WARN_INT_CONVERSION = YES;
				CLANG_WARN_NON_LITERAL_NULL_CONVERSION = YES;
				CLANG_WARN_OBJC_IMPLICIT_RETAIN_SELF = YES;
				CLANG_WARN_OBJC_LITERAL_CONVERSION = YES;
				CLANG_WARN_OBJC_ROOT_CLASS = YES_ERROR;
				CLANG_WARN_QUOTED_INCLUDE_IN_FRAMEWORK_HEADER = YES;
				CLANG_WARN_RANGE_LOOP_ANALYSIS = YES;
				CLANG_WARN_STRICT_PROTOTYPES = YES;
				CLANG_WARN_SUSPICIOUS_MOVE = YES;
				CLANG_WARN_UNGUARDED_AVAILABILITY = YES_AGGRESSIVE;
				CLANG_WARN_UNREACHABLE_CODE = YES;
				CLANG_WARN__DUPLICATE_METHOD_MATCH = YES;
				COPY_PHASE_STRIP = NO;
				DEBUG_INFORMATION_FORMAT = dwarf;
				ENABLE_STRICT_OBJC_MSGSEND = YES;
				ENABLE_TESTABILITY = YES;
				GCC_C_LANGUAGE_STANDARD = gnu11;
				GCC_DYNAMIC_NO_PIC = NO;
				GCC_NO_COMMON_BLOCKS = YES;
				GCC_OPTIMIZATION_LEVEL = 0;
				GCC_PREPROCESSOR_DEFINITIONS = (
					"DEBUG=1",
					"$(inherited)",
				);
				GCC_WARN_64_TO_32_BIT_CONVERSION = YES;
				GCC_WARN_ABOUT_RETURN_TYPE = YES_ERROR;
				GCC_WARN_UNDECLARED_SELECTOR = YES;
				GCC_WARN_UNINITIALIZED_AUTOS = YES_AGGRESSIVE;
				GCC_WARN_UNUSED_FUNCTION = YES;
				GCC_WARN_UNUSED_VARIABLE = YES;
				IPHONEOS_DEPLOYMENT_TARGET = 15.4;
				MTL_ENABLE_DEBUG_INFO = INCLUDE_SOURCE;
				MTL_FAST_MATH = YES;
				ONLY_ACTIVE_ARCH = YES;
				SDKROOT = iphoneos;
				SWIFT_ACTIVE_COMPILATION_CONDITIONS = DEBUG;
				SWIFT_OPTIMIZATION_LEVEL = "-Onone";
			};
			name = Debug;
		};
		001822F628016B4D009A437C /* Release */ = {
			isa = XCBuildConfiguration;
			buildSettings = {
				ALWAYS_SEARCH_USER_PATHS = NO;
				CLANG_ANALYZER_NONNULL = YES;
				CLANG_ANALYZER_NUMBER_OBJECT_CONVERSION = YES_AGGRESSIVE;
				CLANG_CXX_LANGUAGE_STANDARD = "gnu++17";
				CLANG_ENABLE_MODULES = YES;
				CLANG_ENABLE_OBJC_ARC = YES;
				CLANG_ENABLE_OBJC_WEAK = YES;
				CLANG_WARN_BLOCK_CAPTURE_AUTORELEASING = YES;
				CLANG_WARN_BOOL_CONVERSION = YES;
				CLANG_WARN_COMMA = YES;
				CLANG_WARN_CONSTANT_CONVERSION = YES;
				CLANG_WARN_DEPRECATED_OBJC_IMPLEMENTATIONS = YES;
				CLANG_WARN_DIRECT_OBJC_ISA_USAGE = YES_ERROR;
				CLANG_WARN_DOCUMENTATION_COMMENTS = YES;
				CLANG_WARN_EMPTY_BODY = YES;
				CLANG_WARN_ENUM_CONVERSION = YES;
				CLANG_WARN_INFINITE_RECURSION = YES;
				CLANG_WARN_INT_CONVERSION = YES;
				CLANG_WARN_NON_LITERAL_NULL_CONVERSION = YES;
				CLANG_WARN_OBJC_IMPLICIT_RETAIN_SELF = YES;
				CLANG_WARN_OBJC_LITERAL_CONVERSION = YES;
				CLANG_WARN_OBJC_ROOT_CLASS = YES_ERROR;
				CLANG_WARN_QUOTED_INCLUDE_IN_FRAMEWORK_HEADER = YES;
				CLANG_WARN_RANGE_LOOP_ANALYSIS = YES;
				CLANG_WARN_STRICT_PROTOTYPES = YES;
				CLANG_WARN_SUSPICIOUS_MOVE = YES;
				CLANG_WARN_UNGUARDED_AVAILABILITY = YES_AGGRESSIVE;
				CLANG_WARN_UNREACHABLE_CODE = YES;
				CLANG_WARN__DUPLICATE_METHOD_MATCH = YES;
				COPY_PHASE_STRIP = NO;
				DEBUG_INFORMATION_FORMAT = "dwarf-with-dsym";
				ENABLE_NS_ASSERTIONS = NO;
				ENABLE_STRICT_OBJC_MSGSEND = YES;
				GCC_C_LANGUAGE_STANDARD = gnu11;
				GCC_NO_COMMON_BLOCKS = YES;
				GCC_WARN_64_TO_32_BIT_CONVERSION = YES;
				GCC_WARN_ABOUT_RETURN_TYPE = YES_ERROR;
				GCC_WARN_UNDECLARED_SELECTOR = YES;
				GCC_WARN_UNINITIALIZED_AUTOS = YES_AGGRESSIVE;
				GCC_WARN_UNUSED_FUNCTION = YES;
				GCC_WARN_UNUSED_VARIABLE = YES;
				IPHONEOS_DEPLOYMENT_TARGET = 15.4;
				MTL_ENABLE_DEBUG_INFO = NO;
				MTL_FAST_MATH = YES;
				SDKROOT = iphoneos;
				SWIFT_COMPILATION_MODE = wholemodule;
				SWIFT_OPTIMIZATION_LEVEL = "-O";
				VALIDATE_PRODUCT = YES;
			};
			name = Release;
		};
		001822F828016B4D009A437C /* Debug */ = {
			isa = XCBuildConfiguration;
			baseConfigurationReference = 6E5B2337B8693E9DF0B7D2B1 /* Pods-Instagram.debug.xcconfig */;
			buildSettings = {
				ASSETCATALOG_COMPILER_APPICON_NAME = AppIcon;
				ASSETCATALOG_COMPILER_GLOBAL_ACCENT_COLOR_NAME = AccentColor;
				CODE_SIGN_STYLE = Automatic;
				CURRENT_PROJECT_VERSION = 1;
				GENERATE_INFOPLIST_FILE = YES;
				INFOPLIST_FILE = Instagram/Info.plist;
				INFOPLIST_KEY_UIApplicationSupportsIndirectInputEvents = YES;
				INFOPLIST_KEY_UILaunchStoryboardName = LaunchScreen;
				INFOPLIST_KEY_UISupportedInterfaceOrientations_iPad = "UIInterfaceOrientationPortrait UIInterfaceOrientationPortraitUpsideDown UIInterfaceOrientationLandscapeLeft UIInterfaceOrientationLandscapeRight";
				INFOPLIST_KEY_UISupportedInterfaceOrientations_iPhone = "UIInterfaceOrientationPortrait UIInterfaceOrientationLandscapeLeft UIInterfaceOrientationLandscapeRight";
				LD_RUNPATH_SEARCH_PATHS = (
					"$(inherited)",
					"@executable_path/Frameworks",
				);
				MARKETING_VERSION = 1.0;
				PRODUCT_BUNDLE_IDENTIFIER = com.personal1.Instagram;
				PRODUCT_NAME = "$(TARGET_NAME)";
				SWIFT_EMIT_LOC_STRINGS = YES;
				SWIFT_VERSION = 5.0;
				TARGETED_DEVICE_FAMILY = "1,2";
			};
			name = Debug;
		};
		001822F928016B4D009A437C /* Release */ = {
			isa = XCBuildConfiguration;
			baseConfigurationReference = E9194E4858CB15E2136A00CF /* Pods-Instagram.release.xcconfig */;
			buildSettings = {
				ASSETCATALOG_COMPILER_APPICON_NAME = AppIcon;
				ASSETCATALOG_COMPILER_GLOBAL_ACCENT_COLOR_NAME = AccentColor;
				CODE_SIGN_STYLE = Automatic;
				CURRENT_PROJECT_VERSION = 1;
				GENERATE_INFOPLIST_FILE = YES;
				INFOPLIST_FILE = Instagram/Info.plist;
				INFOPLIST_KEY_UIApplicationSupportsIndirectInputEvents = YES;
				INFOPLIST_KEY_UILaunchStoryboardName = LaunchScreen;
				INFOPLIST_KEY_UISupportedInterfaceOrientations_iPad = "UIInterfaceOrientationPortrait UIInterfaceOrientationPortraitUpsideDown UIInterfaceOrientationLandscapeLeft UIInterfaceOrientationLandscapeRight";
				INFOPLIST_KEY_UISupportedInterfaceOrientations_iPhone = "UIInterfaceOrientationPortrait UIInterfaceOrientationLandscapeLeft UIInterfaceOrientationLandscapeRight";
				LD_RUNPATH_SEARCH_PATHS = (
					"$(inherited)",
					"@executable_path/Frameworks",
				);
				MARKETING_VERSION = 1.0;
				PRODUCT_BUNDLE_IDENTIFIER = com.personal1.Instagram;
				PRODUCT_NAME = "$(TARGET_NAME)";
				SWIFT_EMIT_LOC_STRINGS = YES;
				SWIFT_VERSION = 5.0;
				TARGETED_DEVICE_FAMILY = "1,2";
			};
			name = Release;
		};
/* End XCBuildConfiguration section */

/* Begin XCConfigurationList section */
		001822DE28016B49009A437C /* Build configuration list for PBXProject "Instagram" */ = {
			isa = XCConfigurationList;
			buildConfigurations = (
				001822F528016B4D009A437C /* Debug */,
				001822F628016B4D009A437C /* Release */,
			);
			defaultConfigurationIsVisible = 0;
			defaultConfigurationName = Release;
		};
		001822F728016B4D009A437C /* Build configuration list for PBXNativeTarget "Instagram" */ = {
			isa = XCConfigurationList;
			buildConfigurations = (
				001822F828016B4D009A437C /* Debug */,
				001822F928016B4D009A437C /* Release */,
			);
			defaultConfigurationIsVisible = 0;
			defaultConfigurationName = Release;
		};
/* End XCConfigurationList section */
	};
	rootObject = 001822DB28016B49009A437C /* Project object */;
}
